{
  "lockfileVersion": 1,
  "workspaces": {
    "": {
      "name": "elecord-rpc",
      "dependencies": {
        "koffi": "^2.9.0",
      },
      "devDependencies": {
        "innosetup": "^6.4.1",
        "nssm-bin": "2.24.102",
      },
    },
  },
  "trustedDependencies": [
    "koffi",
  ],
  "packages": {
    "innosetup": ["innosetup@6.4.1", "", { "bin": { "innosetup-compiler": "lib/iscc" } }, "sha512-Bh/dNlyyFsFKBGoTf19n1msPnm4Njfb0CWVirw2CV1MSJXYy0ajRI+xjo/Yr9DtZFLLafhnwm1ZsxTu309F8lQ=="],

    "koffi": ["koffi@2.11.0", "", {}, "sha512-AJ6MHz9Z8OIftKu322jrKJFvy/rZTdCD4b7F457WrK71rxYV7O5PSdWsJDN0p3rY1BZaPeLHVwyt4i2Xyk8wJg=="],

    "nssm-bin": ["nssm-bin@2.24.102", "", {}, "sha512-GQmndo9KTzvcCd5AErZJpRvUfhK1v7Zs1+lKhIO+cKIzVr4RfkWlD4Qvey+6aeTx7B1Z6JGIf9eLkYGj3q74Cw=="],
  }
}
